
Microsoft Visual Studio Solution File, Format Version 12.00
# Visual Studio Version 16
VisualStudioVersion = 16.0.31313.79
MinimumVisualStudioVersion = 10.0.40219.1
Project("{2150E333-8FDC-42A3-9474-1A3956D46DE8}") = "src", "src", "{BA261F47-D5D8-408B-B558-5BDFF850BD4E}"
EndProject
Project("{2150E333-8FDC-42A3-9474-1A3956D46DE8}") = "Core", "Core", "{E2D01761-9206-4037-9555-338E17F77CEE}"
EndProject
Project("{2150E333-8FDC-42A3-9474-1A3956D46DE8}") = "Infraestructure", "Infraestructure", "{2CBFD062-679D-4881-8C53-3BDF86D2CC1D}"
EndProject
Project("{2150E333-8FDC-42A3-9474-1A3956D46DE8}") = "Presentation", "Presentation", "{C2F91EBC-D9E8-473D-91B5-12C1640F9CDC}"
EndProject
Project("{9A19103F-16F7-4668-BE54-9A1E7A4F7556}") = "Application", "Application\Application.csproj", "{468B0ED0-D430-41BC-AE74-541F1DDCE097}"
EndProject
Project("{9A19103F-16F7-4668-BE54-9A1E7A4F7556}") = "Domain", "Domain\Domain.csproj", "{3BCBACB2-DA9B-4FCF-992E-AC95A91B4098}"
EndProject
Project("{9A19103F-16F7-4668-BE54-9A1E7A4F7556}") = "Persistence", "Persistence}\Persistence.csproj", "{FB7BC63F-61ED-4838-A3C5-3541241BE67A}"
EndProject
Project("{9A19103F-16F7-4668-BE54-9A1E7A4F7556}") = "Shared", "Shared\Shared.csproj", "{D0A3E9D1-D574-4D2D-8CC0-0019EA146111}"
EndProject
Project("{9A19103F-16F7-4668-BE54-9A1E7A4F7556}") = "WebAPI", "WebAPI\WebAPI.csproj", "{21E77EBA-1EEB-4303-A0BE-C5A5704659B6}"
EndProject
Global
	GlobalSection(SolutionConfigurationPlatforms) = preSolution
		Debug|Any CPU = Debug|Any CPU
		Release|Any CPU = Release|Any CPU
	EndGlobalSection
	GlobalSection(ProjectConfigurationPlatforms) = postSolution
		{468B0ED0-D430-41BC-AE74-541F1DDCE097}.Debug|Any CPU.ActiveCfg = Debug|Any CPU
		{468B0ED0-D430-41BC-AE74-541F1DDCE097}.Debug|Any CPU.Build.0 = Debug|Any CPU
		{468B0ED0-D430-41BC-AE74-541F1DDCE097}.Release|Any CPU.ActiveCfg = Release|Any CPU
		{468B0ED0-D430-41BC-AE74-541F1DDCE097}.Release|Any CPU.Build.0 = Release|Any CPU
		{3BCBACB2-DA9B-4FCF-992E-AC95A91B4098}.Debug|Any CPU.ActiveCfg = Debug|Any CPU
		{3BCBACB2-DA9B-4FCF-992E-AC95A91B4098}.Debug|Any CPU.Build.0 = Debug|Any CPU
		{3BCBACB2-DA9B-4FCF-992E-AC95A91B4098}.Release|Any CPU.ActiveCfg = Release|Any CPU
		{3BCBACB2-DA9B-4FCF-992E-AC95A91B4098}.Release|Any CPU.Build.0 = Release|Any CPU
		{FB7BC63F-61ED-4838-A3C5-3541241BE67A}.Debug|Any CPU.ActiveCfg = Debug|Any CPU
		{FB7BC63F-61ED-4838-A3C5-3541241BE67A}.Debug|Any CPU.Build.0 = Debug|Any CPU
		{FB7BC63F-61ED-4838-A3C5-3541241BE67A}.Release|Any CPU.ActiveCfg = Release|Any CPU
		{FB7BC63F-61ED-4838-A3C5-3541241BE67A}.Release|Any CPU.Build.0 = Release|Any CPU
		{D0A3E9D1-D574-4D2D-8CC0-0019EA146111}.Debug|Any CPU.ActiveCfg = Debug|Any CPU
		{D0A3E9D1-D574-4D2D-8CC0-0019EA146111}.Debug|Any CPU.Build.0 = Debug|Any CPU
		{D0A3E9D1-D574-4D2D-8CC0-0019EA146111}.Release|Any CPU.ActiveCfg = Release|Any CPU
		{D0A3E9D1-D574-4D2D-8CC0-0019EA146111}.Release|Any CPU.Build.0 = Release|Any CPU
		{21E77EBA-1EEB-4303-A0BE-C5A5704659B6}.Debug|Any CPU.ActiveCfg = Debug|Any CPU
		{21E77EBA-1EEB-4303-A0BE-C5A5704659B6}.Debug|Any CPU.Build.0 = Debug|Any CPU
		{21E77EBA-1EEB-4303-A0BE-C5A5704659B6}.Release|Any CPU.ActiveCfg = Release|Any CPU
		{21E77EBA-1EEB-4303-A0BE-C5A5704659B6}.Release|Any CPU.Build.0 = Release|Any CPU
	EndGlobalSection
	GlobalSection(SolutionProperties) = preSolution
		HideSolutionNode = FALSE
	EndGlobalSection
	GlobalSection(NestedProjects) = preSolution
		{E2D01761-9206-4037-9555-338E17F77CEE} = {BA261F47-D5D8-408B-B558-5BDFF850BD4E}
		{2CBFD062-679D-4881-8C53-3BDF86D2CC1D} = {BA261F47-D5D8-408B-B558-5BDFF850BD4E}
		{C2F91EBC-D9E8-473D-91B5-12C1640F9CDC} = {BA261F47-D5D8-408B-B558-5BDFF850BD4E}
		{468B0ED0-D430-41BC-AE74-541F1DDCE097} = {E2D01761-9206-4037-9555-338E17F77CEE}
		{3BCBACB2-DA9B-4FCF-992E-AC95A91B4098} = {E2D01761-9206-4037-9555-338E17F77CEE}
		{FB7BC63F-61ED-4838-A3C5-3541241BE67A} = {2CBFD062-679D-4881-8C53-3BDF86D2CC1D}
		{D0A3E9D1-D574-4D2D-8CC0-0019EA146111} = {2CBFD062-679D-4881-8C53-3BDF86D2CC1D}
		{21E77EBA-1EEB-4303-A0BE-C5A5704659B6} = {C2F91EBC-D9E8-473D-91B5-12C1640F9CDC}
	EndGlobalSection
	GlobalSection(ExtensibilityGlobals) = postSolution
		SolutionGuid = {749E19AF-F82B-47ED-A1FB-63F85EF3954B}
	EndGlobalSection
EndGlobal
